
Microsoft Visual Studio Solution File, Format Version 12.00
# Visual Studio Version 17
VisualStudioVersion = 17.3.32825.248
MinimumVisualStudioVersion = 10.0.40219.1
Project("{FAE04EC0-301F-11D3-BF4B-00C04F79EFBC}") = "VortexGDO", "VortexGDO.csproj", "{540CDF09-111F-4EE9-8904-9C937EC725C7}"
EndProject
Global
	GlobalSection(SolutionConfigurationPlatforms) = preSolution
		Debug|Any CPU = Debug|Any CPU
		Release|Any CPU = Release|Any CPU
	EndGlobalSection
	GlobalSection(ProjectConfigurationPlatforms) = postSolution
		{540CDF09-111F-4EE9-8904-9C937EC725C7}.Debug|Any CPU.ActiveCfg = Debug|Any CPU
		{540CDF09-111F-4EE9-8904-9C937EC725C7}.Debug|Any CPU.Build.0 = Debug|Any CPU
		{540CDF09-111F-4EE9-8904-9C937EC725C7}.Release|Any CPU.ActiveCfg = Release|Any CPU
		{540CDF09-111F-4EE9-8904-9C937EC725C7}.Release|Any CPU.Build.0 = Release|Any CPU
	EndGlobalSection
	GlobalSection(SolutionProperties) = preSolution
		HideSolutionNode = FALSE
	EndGlobalSection
	GlobalSection(ExtensibilityGlobals) = postSolution
		SolutionGuid = {1F0F10A0-C6FF-4C7C-93FD-A75F2AF89141}
	EndGlobalSection
EndGlobal
